// !$*UTF8*$!
{
	archiveVersion = 1;
	classes = {
	};
	objectVersion = 56;
	objects = {

/* Begin PBXBuildFile section */
		A52BDB6A2D7A96D900FC3370 /* Alamofire in Frameworks */ = {isa = PBXBuildFile; productRef = A52BDB692D7A96D900FC3370 /* Alamofire */; };
		A52BDB6F2D7A986D00FC3370 /* APIClient.swift in Sources */ = {isa = PBXBuildFile; fileRef = A52BDB6E2D7A986D00FC3370 /* APIClient.swift */; };
		A52BDB712D7A997400FC3370 /* PostTableViewCell.swift in Sources */ = {isa = PBXBuildFile; fileRef = A52BDB702D7A997400FC3370 /* PostTableViewCell.swift */; };
		A52D4E362D7AF60B00929EEE /* PostModel.xcdatamodeld in Sources */ = {isa = PBXBuildFile; fileRef = A52D4E342D7AF60B00929EEE /* PostModel.xcdatamodeld */; };
		A52D4E392D7AF6E300929EEE /* CoreDataStack.swift in Sources */ = {isa = PBXBuildFile; fileRef = A52D4E382D7AF6E300929EEE /* CoreDataStack.swift */; };
		A52D4E3C2D7AF7F000929EEE /* PostEntity+CoreDataClass.swift in Sources */ = {isa = PBXBuildFile; fileRef = A52D4E3A2D7AF7F000929EEE /* PostEntity+CoreDataClass.swift */; };
		A52D4E3D2D7AF7F000929EEE /* PostEntity+CoreDataProperties.swift in Sources */ = {isa = PBXBuildFile; fileRef = A52D4E3B2D7AF7F000929EEE /* PostEntity+CoreDataProperties.swift */; };
		A52D4E3F2D7AF84500929EEE /* PostRepository.swift in Sources */ = {isa = PBXBuildFile; fileRef = A52D4E3E2D7AF84500929EEE /* PostRepository.swift */; };
		A56D5E292D7A885C005F7DC9 /* AppDelegate.swift in Sources */ = {isa = PBXBuildFile; fileRef = A56D5E282D7A885C005F7DC9 /* AppDelegate.swift */; };
		A56D5E2B2D7A885C005F7DC9 /* SceneDelegate.swift in Sources */ = {isa = PBXBuildFile; fileRef = A56D5E2A2D7A885C005F7DC9 /* SceneDelegate.swift */; };
		A56D5E322D7A885E005F7DC9 /* Assets.xcassets in Resources */ = {isa = PBXBuildFile; fileRef = A56D5E312D7A885E005F7DC9 /* Assets.xcassets */; };
		A56D5E422D7A8A09005F7DC9 /* Post.swift in Sources */ = {isa = PBXBuildFile; fileRef = A56D5E412D7A8A09005F7DC9 /* Post.swift */; };
		A56D5E442D7A8A27005F7DC9 /* PostListViewModel.swift in Sources */ = {isa = PBXBuildFile; fileRef = A56D5E432D7A8A27005F7DC9 /* PostListViewModel.swift */; };
		A56D5E462D7A8A56005F7DC9 /* SplashViewController.swift in Sources */ = {isa = PBXBuildFile; fileRef = A56D5E452D7A8A56005F7DC9 /* SplashViewController.swift */; };
		A56D5E482D7A8A99005F7DC9 /* PostListViewController.swift in Sources */ = {isa = PBXBuildFile; fileRef = A56D5E472D7A8A99005F7DC9 /* PostListViewController.swift */; };
/* End PBXBuildFile section */

/* Begin PBXCopyFilesBuildPhase section */
		A5AF68F12D7A90A900F4C947 /* Embed Frameworks */ = {
			isa = PBXCopyFilesBuildPhase;
			buildActionMask = 2147483647;
			dstPath = "";
			dstSubfolderSpec = 10;
			files = (
			);
			name = "Embed Frameworks";
			runOnlyForDeploymentPostprocessing = 0;
		};
/* End PBXCopyFilesBuildPhase section */

/* Begin PBXFileReference section */
		A52BDB6E2D7A986D00FC3370 /* APIClient.swift */ = {isa = PBXFileReference; lastKnownFileType = sourcecode.swift; path = APIClient.swift; sourceTree = "<group>"; };
		A52BDB702D7A997400FC3370 /* PostTableViewCell.swift */ = {isa = PBXFileReference; lastKnownFileType = sourcecode.swift; path = PostTableViewCell.swift; sourceTree = "<group>"; };
		A52D4E352D7AF60B00929EEE /* PostModel.xcdatamodel */ = {isa = PBXFileReference; lastKnownFileType = wrapper.xcdatamodel; path = PostModel.xcdatamodel; sourceTree = "<group>"; };
		A52D4E382D7AF6E300929EEE /* CoreDataStack.swift */ = {isa = PBXFileReference; lastKnownFileType = sourcecode.swift; path = CoreDataStack.swift; sourceTree = "<group>"; };
		A52D4E3A2D7AF7F000929EEE /* PostEntity+CoreDataClass.swift */ = {isa = PBXFileReference; lastKnownFileType = sourcecode.swift; path = "PostEntity+CoreDataClass.swift"; sourceTree = "<group>"; };
		A52D4E3B2D7AF7F000929EEE /* PostEntity+CoreDataProperties.swift */ = {isa = PBXFileReference; lastKnownFileType = sourcecode.swift; path = "PostEntity+CoreDataProperties.swift"; sourceTree = "<group>"; };
		A52D4E3E2D7AF84500929EEE /* PostRepository.swift */ = {isa = PBXFileReference; lastKnownFileType = sourcecode.swift; path = PostRepository.swift; sourceTree = "<group>"; };
		A56D5E252D7A885C005F7DC9 /* SocialFeed.app */ = {isa = PBXFileReference; explicitFileType = wrapper.application; includeInIndex = 0; path = SocialFeed.app; sourceTree = BUILT_PRODUCTS_DIR; };
		A56D5E282D7A885C005F7DC9 /* AppDelegate.swift */ = {isa = PBXFileReference; lastKnownFileType = sourcecode.swift; path = AppDelegate.swift; sourceTree = "<group>"; };
		A56D5E2A2D7A885C005F7DC9 /* SceneDelegate.swift */ = {isa = PBXFileReference; lastKnownFileType = sourcecode.swift; path = SceneDelegate.swift; sourceTree = "<group>"; };
		A56D5E312D7A885E005F7DC9 /* Assets.xcassets */ = {isa = PBXFileReference; lastKnownFileType = folder.assetcatalog; path = Assets.xcassets; sourceTree = "<group>"; };
		A56D5E362D7A885E005F7DC9 /* Info.plist */ = {isa = PBXFileReference; lastKnownFileType = text.plist.xml; path = Info.plist; sourceTree = "<group>"; };
		A56D5E412D7A8A09005F7DC9 /* Post.swift */ = {isa = PBXFileReference; lastKnownFileType = sourcecode.swift; path = Post.swift; sourceTree = "<group>"; };
		A56D5E432D7A8A27005F7DC9 /* PostListViewModel.swift */ = {isa = PBXFileReference; lastKnownFileType = sourcecode.swift; path = PostListViewModel.swift; sourceTree = "<group>"; };
		A56D5E452D7A8A56005F7DC9 /* SplashViewController.swift */ = {isa = PBXFileReference; lastKnownFileType = sourcecode.swift; path = SplashViewController.swift; sourceTree = "<group>"; };
		A56D5E472D7A8A99005F7DC9 /* PostListViewController.swift */ = {isa = PBXFileReference; lastKnownFileType = sourcecode.swift; path = PostListViewController.swift; sourceTree = "<group>"; };
/* End PBXFileReference section */

/* Begin PBXFrameworksBuildPhase section */
		A56D5E222D7A885C005F7DC9 /* Frameworks */ = {
			isa = PBXFrameworksBuildPhase;
			buildActionMask = 2147483647;
			files = (
				A52BDB6A2D7A96D900FC3370 /* Alamofire in Frameworks */,
			);
			runOnlyForDeploymentPostprocessing = 0;
		};
/* End PBXFrameworksBuildPhase section */

/* Begin PBXGroup section */
		A52D4E372D7AF6B800929EEE /* CoreData  */ = {
			isa = PBXGroup;
			children = (
				A52D4E3E2D7AF84500929EEE /* PostRepository.swift */,
				A52D4E382D7AF6E300929EEE /* CoreDataStack.swift */,
			);
			path = "CoreData ";
			sourceTree = "<group>";
		};
		A56D5E1C2D7A885C005F7DC9 = {
			isa = PBXGroup;
			children = (
				A52D4E3A2D7AF7F000929EEE /* PostEntity+CoreDataClass.swift */,
				A52D4E3B2D7AF7F000929EEE /* PostEntity+CoreDataProperties.swift */,
				A52D4E372D7AF6B800929EEE /* CoreData  */,
				A52D4E342D7AF60B00929EEE /* PostModel.xcdatamodeld */,
				A56D5E272D7A885C005F7DC9 /* SocialFeed */,
				A56D5E262D7A885C005F7DC9 /* Products */,
			);
			sourceTree = "<group>";
		};
		A56D5E262D7A885C005F7DC9 /* Products */ = {
			isa = PBXGroup;
			children = (
				A56D5E252D7A885C005F7DC9 /* SocialFeed.app */,
			);
			name = Products;
			sourceTree = "<group>";
		};
		A56D5E272D7A885C005F7DC9 /* SocialFeed */ = {
			isa = PBXGroup;
			children = (
				A56D5E3F2D7A8988005F7DC9 /* Networking  */,
				A56D5E3E2D7A8979005F7DC9 /* ViewModels */,
				A56D5E3D2D7A8967005F7DC9 /* Views */,
				A56D5E3C2D7A8959005F7DC9 /* Models  */,
				A56D5E282D7A885C005F7DC9 /* AppDelegate.swift */,
				A56D5E2A2D7A885C005F7DC9 /* SceneDelegate.swift */,
				A56D5E402D7A89C4005F7DC9 /* Resources */,
				A56D5E362D7A885E005F7DC9 /* Info.plist */,
			);
			path = SocialFeed;
			sourceTree = "<group>";
		};
		A56D5E3C2D7A8959005F7DC9 /* Models  */ = {
			isa = PBXGroup;
			children = (
				A56D5E412D7A8A09005F7DC9 /* Post.swift */,
			);
			path = "Models ";
			sourceTree = "<group>";
		};
		A56D5E3D2D7A8967005F7DC9 /* Views */ = {
			isa = PBXGroup;
			children = (
				A56D5E452D7A8A56005F7DC9 /* SplashViewController.swift */,
				A56D5E472D7A8A99005F7DC9 /* PostListViewController.swift */,
				A52BDB702D7A997400FC3370 /* PostTableViewCell.swift */,
			);
			path = Views;
			sourceTree = "<group>";
		};
		A56D5E3E2D7A8979005F7DC9 /* ViewModels */ = {
			isa = PBXGroup;
			children = (
				A56D5E432D7A8A27005F7DC9 /* PostListViewModel.swift */,
			);
			path = ViewModels;
			sourceTree = "<group>";
		};
		A56D5E3F2D7A8988005F7DC9 /* Networking  */ = {
			isa = PBXGroup;
			children = (
				A52BDB6E2D7A986D00FC3370 /* APIClient.swift */,
			);
			path = "Networking ";
			sourceTree = "<group>";
		};
		A56D5E402D7A89C4005F7DC9 /* Resources */ = {
			isa = PBXGroup;
			children = (
				A56D5E312D7A885E005F7DC9 /* Assets.xcassets */,
			);
			path = Resources;
			sourceTree = "<group>";
		};
/* End PBXGroup section */

/* Begin PBXNativeTarget section */
		A56D5E242D7A885C005F7DC9 /* SocialFeed */ = {
			isa = PBXNativeTarget;
			buildConfigurationList = A56D5E392D7A885E005F7DC9 /* Build configuration list for PBXNativeTarget "SocialFeed" */;
			buildPhases = (
				A56D5E212D7A885C005F7DC9 /* Sources */,
				A56D5E222D7A885C005F7DC9 /* Frameworks */,
				A56D5E232D7A885C005F7DC9 /* Resources */,
				A5AF68F12D7A90A900F4C947 /* Embed Frameworks */,
			);
			buildRules = (
			);
			dependencies = (
			);
			name = SocialFeed;
			packageProductDependencies = (
				A52BDB692D7A96D900FC3370 /* Alamofire */,
			);
			productName = SocialFeed;
			productReference = A56D5E252D7A885C005F7DC9 /* SocialFeed.app */;
			productType = "com.apple.product-type.application";
		};
/* End PBXNativeTarget section */

/* Begin PBXProject section */
		A56D5E1D2D7A885C005F7DC9 /* Project object */ = {
			isa = PBXProject;
			attributes = {
				BuildIndependentTargetsInParallel = 1;
				LastSwiftUpdateCheck = 1540;
				LastUpgradeCheck = 1540;
				TargetAttributes = {
					A56D5E242D7A885C005F7DC9 = {
						CreatedOnToolsVersion = 15.4;
					};
				};
			};
			buildConfigurationList = A56D5E202D7A885C005F7DC9 /* Build configuration list for PBXProject "SocialFeed" */;
			compatibilityVersion = "Xcode 14.0";
			developmentRegion = en;
			hasScannedForEncodings = 0;
			knownRegions = (
				en,
				Base,
			);
			mainGroup = A56D5E1C2D7A885C005F7DC9;
			packageReferences = (
				A52BDB682D7A96D900FC3370 /* XCRemoteSwiftPackageReference "Alamofire" */,
			);
			productRefGroup = A56D5E262D7A885C005F7DC9 /* Products */;
			projectDirPath = "";
			projectRoot = "";
			targets = (
				A56D5E242D7A885C005F7DC9 /* SocialFeed */,
			);
		};
/* End PBXProject section */

/* Begin PBXResourcesBuildPhase section */
		A56D5E232D7A885C005F7DC9 /* Resources */ = {
			isa = PBXResourcesBuildPhase;
			buildActionMask = 2147483647;
			files = (
				A56D5E322D7A885E005F7DC9 /* Assets.xcassets in Resources */,
			);
			runOnlyForDeploymentPostprocessing = 0;
		};
/* End PBXResourcesBuildPhase section */

/* Begin PBXSourcesBuildPhase section */
		A56D5E212D7A885C005F7DC9 /* Sources */ = {
			isa = PBXSourcesBuildPhase;
			buildActionMask = 2147483647;
			files = (
				A56D5E482D7A8A99005F7DC9 /* PostListViewController.swift in Sources */,
				A56D5E292D7A885C005F7DC9 /* AppDelegate.swift in Sources */,
				A52D4E3F2D7AF84500929EEE /* PostRepository.swift in Sources */,
				A52BDB6F2D7A986D00FC3370 /* APIClient.swift in Sources */,
				A52D4E3C2D7AF7F000929EEE /* PostEntity+CoreDataClass.swift in Sources */,
				A52D4E3D2D7AF7F000929EEE /* PostEntity+CoreDataProperties.swift in Sources */,
				A56D5E442D7A8A27005F7DC9 /* PostListViewModel.swift in Sources */,
				A56D5E462D7A8A56005F7DC9 /* SplashViewController.swift in Sources */,
				A52D4E392D7AF6E300929EEE /* CoreDataStack.swift in Sources */,
				A56D5E2B2D7A885C005F7DC9 /* SceneDelegate.swift in Sources */,
				A56D5E422D7A8A09005F7DC9 /* Post.swift in Sources */,
				A52BDB712D7A997400FC3370 /* PostTableViewCell.swift in Sources */,
				A52D4E362D7AF60B00929EEE /* PostModel.xcdatamodeld in Sources */,
			);
			runOnlyForDeploymentPostprocessing = 0;
		};
/* End PBXSourcesBuildPhase section */

/* Begin XCBuildConfiguration section */
		A56D5E372D7A885E005F7DC9 /* Debug */ = {
			isa = XCBuildConfiguration;
			buildSettings = {
				ALWAYS_SEARCH_USER_PATHS = NO;
				ASSETCATALOG_COMPILER_GENERATE_SWIFT_ASSET_SYMBOL_EXTENSIONS = YES;
				CLANG_ANALYZER_NONNULL = YES;
				CLANG_ANALYZER_NUMBER_OBJECT_CONVERSION = YES_AGGRESSIVE;
				CLANG_CXX_LANGUAGE_STANDARD = "gnu++20";
				CLANG_ENABLE_MODULES = YES;
				CLANG_ENABLE_OBJC_ARC = YES;
				CLANG_ENABLE_OBJC_WEAK = YES;
				CLANG_WARN_BLOCK_CAPTURE_AUTORELEASING = YES;
				CLANG_WARN_BOOL_CONVERSION = YES;
				CLANG_WARN_COMMA = YES;
				CLANG_WARN_CONSTANT_CONVERSION = YES;
				CLANG_WARN_DEPRECATED_OBJC_IMPLEMENTATIONS = YES;
				CLANG_WARN_DIRECT_OBJC_ISA_USAGE = YES_ERROR;
				CLANG_WARN_DOCUMENTATION_COMMENTS = YES;
				CLANG_WARN_EMPTY_BODY = YES;
				CLANG_WARN_ENUM_CONVERSION = YES;
				CLANG_WARN_INFINITE_RECURSION = YES;
				CLANG_WARN_INT_CONVERSION = YES;
				CLANG_WARN_NON_LITERAL_NULL_CONVERSION = YES;
				CLANG_WARN_OBJC_IMPLICIT_RETAIN_SELF = YES;
				CLANG_WARN_OBJC_LITERAL_CONVERSION = YES;
				CLANG_WARN_OBJC_ROOT_CLASS = YES_ERROR;
				CLANG_WARN_QUOTED_INCLUDE_IN_FRAMEWORK_HEADER = YES;
				CLANG_WARN_RANGE_LOOP_ANALYSIS = YES;
				CLANG_WARN_STRICT_PROTOTYPES = YES;
				CLANG_WARN_SUSPICIOUS_MOVE = YES;
				CLANG_WARN_UNGUARDED_AVAILABILITY = YES_AGGRESSIVE;
				CLANG_WARN_UNREACHABLE_CODE = YES;
				CLANG_WARN__DUPLICATE_METHOD_MATCH = YES;
				COPY_PHASE_STRIP = NO;
				DEBUG_INFORMATION_FORMAT = dwarf;
				ENABLE_STRICT_OBJC_MSGSEND = YES;
				ENABLE_TESTABILITY = YES;
				ENABLE_USER_SCRIPT_SANDBOXING = YES;
				GCC_C_LANGUAGE_STANDARD = gnu17;
				GCC_DYNAMIC_NO_PIC = NO;
				GCC_NO_COMMON_BLOCKS = YES;
				GCC_OPTIMIZATION_LEVEL = 0;
				GCC_PREPROCESSOR_DEFINITIONS = (
					"DEBUG=1",
					"$(inherited)",
				);
				GCC_WARN_64_TO_32_BIT_CONVERSION = YES;
				GCC_WARN_ABOUT_RETURN_TYPE = YES_ERROR;
				GCC_WARN_UNDECLARED_SELECTOR = YES;
				GCC_WARN_UNINITIALIZED_AUTOS = YES_AGGRESSIVE;
				GCC_WARN_UNUSED_FUNCTION = YES;
				GCC_WARN_UNUSED_VARIABLE = YES;
				IPHONEOS_DEPLOYMENT_TARGET = 17.2;
				LOCALIZATION_PREFERS_STRING_CATALOGS = YES;
				MTL_ENABLE_DEBUG_INFO = INCLUDE_SOURCE;
				MTL_FAST_MATH = YES;
				ONLY_ACTIVE_ARCH = YES;
				SDKROOT = iphoneos;
				SWIFT_ACTIVE_COMPILATION_CONDITIONS = "DEBUG $(inherited)";
				SWIFT_OPTIMIZATION_LEVEL = "-Onone";
			};
			name = Debug;
		};
		A56D5E382D7A885E005F7DC9 /* Release */ = {
			isa = XCBuildConfiguration;
			buildSettings = {
				ALWAYS_SEARCH_USER_PATHS = NO;
				ASSETCATALOG_COMPILER_GENERATE_SWIFT_ASSET_SYMBOL_EXTENSIONS = YES;
				CLANG_ANALYZER_NONNULL = YES;
				CLANG_ANALYZER_NUMBER_OBJECT_CONVERSION = YES_AGGRESSIVE;
				CLANG_CXX_LANGUAGE_STANDARD = "gnu++20";
				CLANG_ENABLE_MODULES = YES;
				CLANG_ENABLE_OBJC_ARC = YES;
				CLANG_ENABLE_OBJC_WEAK = YES;
				CLANG_WARN_BLOCK_CAPTURE_AUTORELEASING = YES;
				CLANG_WARN_BOOL_CONVERSION = YES;
				CLANG_WARN_COMMA = YES;
				CLANG_WARN_CONSTANT_CONVERSION = YES;
				CLANG_WARN_DEPRECATED_OBJC_IMPLEMENTATIONS = YES;
				CLANG_WARN_DIRECT_OBJC_ISA_USAGE = YES_ERROR;
				CLANG_WARN_DOCUMENTATION_COMMENTS = YES;
				CLANG_WARN_EMPTY_BODY = YES;
				CLANG_WARN_ENUM_CONVERSION = YES;
				CLANG_WARN_INFINITE_RECURSION = YES;
				CLANG_WARN_INT_CONVERSION = YES;
				CLANG_WARN_NON_LITERAL_NULL_CONVERSION = YES;
				CLANG_WARN_OBJC_IMPLICIT_RETAIN_SELF = YES;
				CLANG_WARN_OBJC_LITERAL_CONVERSION = YES;
				CLANG_WARN_OBJC_ROOT_CLASS = YES_ERROR;
				CLANG_WARN_QUOTED_INCLUDE_IN_FRAMEWORK_HEADER = YES;
				CLANG_WARN_RANGE_LOOP_ANALYSIS = YES;
				CLANG_WARN_STRICT_PROTOTYPES = YES;
				CLANG_WARN_SUSPICIOUS_MOVE = YES;
				CLANG_WARN_UNGUARDED_AVAILABILITY = YES_AGGRESSIVE;
				CLANG_WARN_UNREACHABLE_CODE = YES;
				CLANG_WARN__DUPLICATE_METHOD_MATCH = YES;
				COPY_PHASE_STRIP = NO;
				DEBUG_INFORMATION_FORMAT = "dwarf-with-dsym";
				ENABLE_NS_ASSERTIONS = NO;
				ENABLE_STRICT_OBJC_MSGSEND = YES;
				ENABLE_USER_SCRIPT_SANDBOXING = YES;
				GCC_C_LANGUAGE_STANDARD = gnu17;
				GCC_NO_COMMON_BLOCKS = YES;
				GCC_WARN_64_TO_32_BIT_CONVERSION = YES;
				GCC_WARN_ABOUT_RETURN_TYPE = YES_ERROR;
				GCC_WARN_UNDECLARED_SELECTOR = YES;
				GCC_WARN_UNINITIALIZED_AUTOS = YES_AGGRESSIVE;
				GCC_WARN_UNUSED_FUNCTION = YES;
				GCC_WARN_UNUSED_VARIABLE = YES;
				IPHONEOS_DEPLOYMENT_TARGET = 17.2;
				LOCALIZATION_PREFERS_STRING_CATALOGS = YES;
				MTL_ENABLE_DEBUG_INFO = NO;
				MTL_FAST_MATH = YES;
				SDKROOT = iphoneos;
				SWIFT_COMPILATION_MODE = wholemodule;
				VALIDATE_PRODUCT = YES;
			};
			name = Release;
		};
		A56D5E3A2D7A885E005F7DC9 /* Debug */ = {
			isa = XCBuildConfiguration;
			buildSettings = {
				ASSETCATALOG_COMPILER_APPICON_NAME = AppIcon;
				ASSETCATALOG_COMPILER_GLOBAL_ACCENT_COLOR_NAME = AccentColor;
				CODE_SIGN_STYLE = Automatic;
				CURRENT_PROJECT_VERSION = 1;
				DEVELOPMENT_TEAM = 7R9CQ3YRWX;
				GENERATE_INFOPLIST_FILE = YES;
				INFOPLIST_FILE = SocialFeed/Info.plist;
				INFOPLIST_KEY_CFBundleDisplayName = "";
				INFOPLIST_KEY_LSApplicationCategoryType = "";
				INFOPLIST_KEY_UIApplicationSupportsIndirectInputEvents = YES;
				INFOPLIST_KEY_UISupportedInterfaceOrientations_iPad = "UIInterfaceOrientationPortrait UIInterfaceOrientationPortraitUpsideDown UIInterfaceOrientationLandscapeLeft UIInterfaceOrientationLandscapeRight";
				INFOPLIST_KEY_UISupportedInterfaceOrientations_iPhone = "UIInterfaceOrientationPortrait UIInterfaceOrientationLandscapeLeft UIInterfaceOrientationLandscapeRight";
				IPHONEOS_DEPLOYMENT_TARGET = 16.6;
				LD_RUNPATH_SEARCH_PATHS = (
					"$(inherited)",
					"@executable_path/Frameworks",
				);
				MARKETING_VERSION = 1.0;
				PRODUCT_BUNDLE_IDENTIFIER = com.MSergey95.SocialFeed;
				PRODUCT_NAME = "$(TARGET_NAME)";
				SWIFT_EMIT_LOC_STRINGS = YES;
				SWIFT_VERSION = 5.0;
				TARGETED_DEVICE_FAMILY = "1,2";
			};
			name = Debug;
		};
		A56D5E3B2D7A885E005F7DC9 /* Release */ = {
			isa = XCBuildConfiguration;
			buildSettings = {
				ASSETCATALOG_COMPILER_APPICON_NAME = AppIcon;
				ASSETCATALOG_COMPILER_GLOBAL_ACCENT_COLOR_NAME = AccentColor;
				CODE_SIGN_STYLE = Automatic;
				CURRENT_PROJECT_VERSION = 1;
				DEVELOPMENT_TEAM = 7R9CQ3YRWX;
				GENERATE_INFOPLIST_FILE = YES;
				INFOPLIST_FILE = SocialFeed/Info.plist;
				INFOPLIST_KEY_CFBundleDisplayName = "";
				INFOPLIST_KEY_LSApplicationCategoryType = "";
				INFOPLIST_KEY_UIApplicationSupportsIndirectInputEvents = YES;
				INFOPLIST_KEY_UISupportedInterfaceOrientations_iPad = "UIInterfaceOrientationPortrait UIInterfaceOrientationPortraitUpsideDown UIInterfaceOrientationLandscapeLeft UIInterfaceOrientationLandscapeRight";
				INFOPLIST_KEY_UISupportedInterfaceOrientations_iPhone = "UIInterfaceOrientationPortrait UIInterfaceOrientationLandscapeLeft UIInterfaceOrientationLandscapeRight";
				IPHONEOS_DEPLOYMENT_TARGET = 16.6;
				LD_RUNPATH_SEARCH_PATHS = (
					"$(inherited)",
					"@executable_path/Frameworks",
				);
				MARKETING_VERSION = 1.0;
				PRODUCT_BUNDLE_IDENTIFIER = com.MSergey95.SocialFeed;
				PRODUCT_NAME = "$(TARGET_NAME)";
				SWIFT_EMIT_LOC_STRINGS = YES;
				SWIFT_VERSION = 5.0;
				TARGETED_DEVICE_FAMILY = "1,2";
			};
			name = Release;
		};
/* End XCBuildConfiguration section */

/* Begin XCConfigurationList section */
		A56D5E202D7A885C005F7DC9 /* Build configuration list for PBXProject "SocialFeed" */ = {
			isa = XCConfigurationList;
			buildConfigurations = (
				A56D5E372D7A885E005F7DC9 /* Debug */,
				A56D5E382D7A885E005F7DC9 /* Release */,
			);
			defaultConfigurationIsVisible = 0;
			defaultConfigurationName = Release;
		};
		A56D5E392D7A885E005F7DC9 /* Build configuration list for PBXNativeTarget "SocialFeed" */ = {
			isa = XCConfigurationList;
			buildConfigurations = (
				A56D5E3A2D7A885E005F7DC9 /* Debug */,
				A56D5E3B2D7A885E005F7DC9 /* Release */,
			);
			defaultConfigurationIsVisible = 0;
			defaultConfigurationName = Release;
		};
/* End XCConfigurationList section */

/* Begin XCRemoteSwiftPackageReference section */
		A52BDB682D7A96D900FC3370 /* XCRemoteSwiftPackageReference "Alamofire" */ = {
			isa = XCRemoteSwiftPackageReference;
			repositoryURL = "https://github.com/Alamofire/Alamofire.git";
			requirement = {
				kind = upToNextMajorVersion;
				minimumVersion = 5.10.2;
			};
		};
/* End XCRemoteSwiftPackageReference section */

/* Begin XCSwiftPackageProductDependency section */
		A52BDB692D7A96D900FC3370 /* Alamofire */ = {
			isa = XCSwiftPackageProductDependency;
			package = A52BDB682D7A96D900FC3370 /* XCRemoteSwiftPackageReference "Alamofire" */;
			productName = Alamofire;
		};
/* End XCSwiftPackageProductDependency section */

/* Begin XCVersionGroup section */
		A52D4E342D7AF60B00929EEE /* PostModel.xcdatamodeld */ = {
			isa = XCVersionGroup;
			children = (
				A52D4E352D7AF60B00929EEE /* PostModel.xcdatamodel */,
			);
			currentVersion = A52D4E352D7AF60B00929EEE /* PostModel.xcdatamodel */;
			path = PostModel.xcdatamodeld;
			sourceTree = "<group>";
			versionGroupType = wrapper.xcdatamodel;
		};
/* End XCVersionGroup section */
	};
	rootObject = A56D5E1D2D7A885C005F7DC9 /* Project object */;
}
